{
  "pins" : [
    {
      "identity" : "abseil-cpp-swiftpm",
      "kind" : "remoteSourceControl",
      "location" : "https://github.com/bourdakos1/abseil-cpp-SwiftPM.git",
      "state" : {
        "branch" : "cxx17-test",
        "revision" : "f2c56293ba0c7dc4fed62c38dfea5c5c2d632166"
      }
    },
    {
      "identity" : "boringssl-swiftpm",
      "kind" : "remoteSourceControl",
      "location" : "https://github.com/monchote/boringssl-SwiftPM.git",
      "state" : {
        "revision" : "4f6b1c4106f51005db7c51eef68e1f892aee05fb",
        "version" : "0.7.4"
      }
    }
  ],
  "version" : 2
}
